
Microsoft Visual Studio Solution File, Format Version 12.00
# Visual Studio Version 16
VisualStudioVersion = 16.0.30517.126
MinimumVisualStudioVersion = 10.0.40219.1
Project("{9A19103F-16F7-4668-BE54-9A1E7A4F7556}") = "SRTPluginUIRECVXDirectXOverlay", "SRTPluginUIRECVXDirectXOverlay\SRTPluginUIRECVXDirectXOverlay.csproj", "{EE688214-F225-4A46-9ABF-463F9A1DD458}"
EndProject
Project("{9A19103F-16F7-4668-BE54-9A1E7A4F7556}") = "SRTPluginProviderRECVX", "..\re-cvx-srt-provider\SRTPluginProviderRECVX\SRTPluginProviderRECVX.csproj", "{2393C984-6FEE-466A-8DD8-875D9D6CF51C}"
EndProject
Project("{9A19103F-16F7-4668-BE54-9A1E7A4F7556}") = "SRTPluginBase", "..\SRTHost\SRTPluginBase\SRTPluginBase.csproj", "{2A4F6B29-5845-484B-AF44-2AD960835F64}"
EndProject
Project("{9A19103F-16F7-4668-BE54-9A1E7A4F7556}") = "SRTHost", "..\SRTHost\SRTHost\SRTHost.csproj", "{45AA5C4A-A3EF-4BDC-8581-04B4773E1C87}"
EndProject
Global
	GlobalSection(SolutionConfigurationPlatforms) = preSolution
		Debug|x64 = Debug|x64
		Release|x64 = Release|x64
	EndGlobalSection
	GlobalSection(ProjectConfigurationPlatforms) = postSolution
		{EE688214-F225-4A46-9ABF-463F9A1DD458}.Debug|x64.ActiveCfg = Debug|x64
		{EE688214-F225-4A46-9ABF-463F9A1DD458}.Debug|x64.Build.0 = Debug|x64
		{EE688214-F225-4A46-9ABF-463F9A1DD458}.Release|x64.ActiveCfg = Release|x64
		{EE688214-F225-4A46-9ABF-463F9A1DD458}.Release|x64.Build.0 = Release|x64
		{2393C984-6FEE-466A-8DD8-875D9D6CF51C}.Debug|x64.ActiveCfg = Debug|x64
		{2393C984-6FEE-466A-8DD8-875D9D6CF51C}.Debug|x64.Build.0 = Debug|x64
		{2393C984-6FEE-466A-8DD8-875D9D6CF51C}.Release|x64.ActiveCfg = Release|x64
		{2393C984-6FEE-466A-8DD8-875D9D6CF51C}.Release|x64.Build.0 = Release|x64
		{2A4F6B29-5845-484B-AF44-2AD960835F64}.Debug|x64.ActiveCfg = Debug|Any CPU
		{2A4F6B29-5845-484B-AF44-2AD960835F64}.Debug|x64.Build.0 = Debug|Any CPU
		{2A4F6B29-5845-484B-AF44-2AD960835F64}.Release|x64.ActiveCfg = Release|Any CPU
		{2A4F6B29-5845-484B-AF44-2AD960835F64}.Release|x64.Build.0 = Release|Any CPU
		{45AA5C4A-A3EF-4BDC-8581-04B4773E1C87}.Debug|x64.ActiveCfg = Debug|x64
		{45AA5C4A-A3EF-4BDC-8581-04B4773E1C87}.Debug|x64.Build.0 = Debug|x64
		{45AA5C4A-A3EF-4BDC-8581-04B4773E1C87}.Release|x64.ActiveCfg = Release|x64
		{45AA5C4A-A3EF-4BDC-8581-04B4773E1C87}.Release|x64.Build.0 = Release|x64
	EndGlobalSection
	GlobalSection(SolutionProperties) = preSolution
		HideSolutionNode = FALSE
	EndGlobalSection
	GlobalSection(ExtensibilityGlobals) = postSolution
		SolutionGuid = {A5B0BFB8-975D-47B8-B783-404EF6607F9A}
	EndGlobalSection
EndGlobal
